
Microsoft Visual Studio Solution File, Format Version 12.00
# Visual Studio 14
VisualStudioVersion = 14.0.25420.1
MinimumVisualStudioVersion = 10.0.40219.1
Project("{FAE04EC0-301F-11D3-BF4B-00C04F79EFBC}") = "AutoCadet", "AutoCadet\AutoCadet.csproj", "{E427BC6C-4EBB-4AF3-96DD-7028D7B14D63}"
EndProject
Project("{FAE04EC0-301F-11D3-BF4B-00C04F79EFBC}") = "AutoCadel.Domain", "AutoCadel.Domain\AutoCadel.Domain.csproj", "{801B5DD0-0FA1-4C68-9EEE-BC58DAD744EB}"
EndProject
Global
	GlobalSection(SolutionConfigurationPlatforms) = preSolution
		Debug|Any CPU = Debug|Any CPU
		Release|Any CPU = Release|Any CPU
	EndGlobalSection
	GlobalSection(ProjectConfigurationPlatforms) = postSolution
		{E427BC6C-4EBB-4AF3-96DD-7028D7B14D63}.Debug|Any CPU.ActiveCfg = Debug|Any CPU
		{E427BC6C-4EBB-4AF3-96DD-7028D7B14D63}.Debug|Any CPU.Build.0 = Debug|Any CPU
		{E427BC6C-4EBB-4AF3-96DD-7028D7B14D63}.Release|Any CPU.ActiveCfg = Release|Any CPU
		{E427BC6C-4EBB-4AF3-96DD-7028D7B14D63}.Release|Any CPU.Build.0 = Release|Any CPU
		{801B5DD0-0FA1-4C68-9EEE-BC58DAD744EB}.Debug|Any CPU.ActiveCfg = Debug|Any CPU
		{801B5DD0-0FA1-4C68-9EEE-BC58DAD744EB}.Debug|Any CPU.Build.0 = Debug|Any CPU
		{801B5DD0-0FA1-4C68-9EEE-BC58DAD744EB}.Release|Any CPU.ActiveCfg = Release|Any CPU
		{801B5DD0-0FA1-4C68-9EEE-BC58DAD744EB}.Release|Any CPU.Build.0 = Release|Any CPU
	EndGlobalSection
	GlobalSection(SolutionProperties) = preSolution
		HideSolutionNode = FALSE
	EndGlobalSection
EndGlobal
